Microsoft Visual Studio Solution File, Format Version 11.00
# Visual Studio 2008

Project("{DBDCEEC3-62EF-61F4-FE50-9E3014AFA551}") = "Creature Feature", "Assembly-CSharp-firstpass.csproj", "{4C609F2B-3A8F-4056-3190-A306AB8801FE}"
EndProject
Project("{DBDCEEC3-62EF-61F4-FE50-9E3014AFA551}") = "Creature Feature", "Assembly-CSharp.csproj", "{4BCDDAB1-CEAA-180D-BB1C-B3FA29C36764}"
EndProject
Project("{DBDCEEC3-62EF-61F4-FE50-9E3014AFA551}") = "Creature Feature", "Assembly-CSharp-Editor.csproj", "{7882B4D4-7BAB-12A4-A898-739154AF1761}"
EndProject
Global
	GlobalSection(SolutionConfigurationPlatforms) = preSolution
		Debug|Any CPU = Debug|Any CPU
		Release|Any CPU = Release|Any CPU
	EndGlobalSection
	GlobalSection(ProjectConfigurationPlatforms) = postSolution
		{4C609F2B-3A8F-4056-3190-A306AB8801FE}.Debug|Any CPU.ActiveCfg = Debug|Any CPU
		{4C609F2B-3A8F-4056-3190-A306AB8801FE}.Debug|Any CPU.Build.0 = Debug|Any CPU
		{4C609F2B-3A8F-4056-3190-A306AB8801FE}.Release|Any CPU.ActiveCfg = Release|Any CPU
		{4C609F2B-3A8F-4056-3190-A306AB8801FE}.Release|Any CPU.Build.0 = Release|Any CPU
		{4BCDDAB1-CEAA-180D-BB1C-B3FA29C36764}.Debug|Any CPU.ActiveCfg = Debug|Any CPU
		{4BCDDAB1-CEAA-180D-BB1C-B3FA29C36764}.Debug|Any CPU.Build.0 = Debug|Any CPU
		{4BCDDAB1-CEAA-180D-BB1C-B3FA29C36764}.Release|Any CPU.ActiveCfg = Release|Any CPU
		{4BCDDAB1-CEAA-180D-BB1C-B3FA29C36764}.Release|Any CPU.Build.0 = Release|Any CPU
		{7882B4D4-7BAB-12A4-A898-739154AF1761}.Debug|Any CPU.ActiveCfg = Debug|Any CPU
		{7882B4D4-7BAB-12A4-A898-739154AF1761}.Debug|Any CPU.Build.0 = Debug|Any CPU
		{7882B4D4-7BAB-12A4-A898-739154AF1761}.Release|Any CPU.ActiveCfg = Release|Any CPU
		{7882B4D4-7BAB-12A4-A898-739154AF1761}.Release|Any CPU.Build.0 = Release|Any CPU
	EndGlobalSection
	GlobalSection(SolutionProperties) = preSolution
		HideSolutionNode = FALSE
	EndGlobalSection
								GlobalSection(MonoDevelopProperties) = preSolution
		StartupItem = Assembly-CSharp.csproj
		Policies = $0
		$0.TextStylePolicy = $1
		$1.inheritsSet = null
		$1.scope = text/x-csharp
		$0.CSharpFormattingPolicy = $2
		$2.inheritsSet = Mono
		$2.inheritsScope = text/x-csharp
		$2.scope = text/x-csharp
		$0.TextStylePolicy = $3
		$3.FileWidth = 120
		$3.TabWidth = 4
		$3.IndentWidth = 4
		$3.EolMarker = Unix
		$3.inheritsSet = Mono
		$3.inheritsScope = text/plain
		$3.scope = text/plain
	EndGlobalSection

EndGlobal
